
Microsoft Visual Studio Solution File, Format Version 12.00
# Visual Studio Version 17
VisualStudioVersion = 17.3.32825.248
MinimumVisualStudioVersion = 10.0.40219.1
Project("{FAE04EC0-301F-11D3-BF4B-00C04F79EFBC}") = "Exo tableaux", "Exo tableaux\Exo tableaux.csproj", "{766A7EAB-1D6F-42BB-8518-2978BB576738}"
EndProject
Global
	GlobalSection(SolutionConfigurationPlatforms) = preSolution
		Debug|Any CPU = Debug|Any CPU
		Release|Any CPU = Release|Any CPU
	EndGlobalSection
	GlobalSection(ProjectConfigurationPlatforms) = postSolution
		{766A7EAB-1D6F-42BB-8518-2978BB576738}.Debug|Any CPU.ActiveCfg = Debug|Any CPU
		{766A7EAB-1D6F-42BB-8518-2978BB576738}.Debug|Any CPU.Build.0 = Debug|Any CPU
		{766A7EAB-1D6F-42BB-8518-2978BB576738}.Release|Any CPU.ActiveCfg = Release|Any CPU
		{766A7EAB-1D6F-42BB-8518-2978BB576738}.Release|Any CPU.Build.0 = Release|Any CPU
	EndGlobalSection
	GlobalSection(SolutionProperties) = preSolution
		HideSolutionNode = FALSE
	EndGlobalSection
	GlobalSection(ExtensibilityGlobals) = postSolution
		SolutionGuid = {0D6B533A-1597-41C2-AD2B-6A06D77F6B8C}
	EndGlobalSection
EndGlobal
